
Microsoft Visual Studio Solution File, Format Version 12.00
# Visual Studio 15
VisualStudioVersion = 15.0.28307.645
MinimumVisualStudioVersion = 10.0.40219.1
Project("{FAE04EC0-301F-11D3-BF4B-00C04F79EFBC}") = "Demo", "Demo\Demo.csproj", "{2A42F879-6A66-49D1-9108-EC6D1A97D972}"
EndProject
Project("{FAE04EC0-301F-11D3-BF4B-00C04F79EFBC}") = "Luskyle", "MsgInforBox\Luskyle.csproj", "{F341F204-0830-4BD7-AD66-B4B434D3BED4}"
EndProject
Global
	GlobalSection(SolutionConfigurationPlatforms) = preSolution
		Debug|Any CPU = Debug|Any CPU
		Release|Any CPU = Release|Any CPU
	EndGlobalSection
	GlobalSection(ProjectConfigurationPlatforms) = postSolution
		{2A42F879-6A66-49D1-9108-EC6D1A97D972}.Debug|Any CPU.ActiveCfg = Debug|Any CPU
		{2A42F879-6A66-49D1-9108-EC6D1A97D972}.Debug|Any CPU.Build.0 = Debug|Any CPU
		{2A42F879-6A66-49D1-9108-EC6D1A97D972}.Release|Any CPU.ActiveCfg = Release|Any CPU
		{2A42F879-6A66-49D1-9108-EC6D1A97D972}.Release|Any CPU.Build.0 = Release|Any CPU
		{F341F204-0830-4BD7-AD66-B4B434D3BED4}.Debug|Any CPU.ActiveCfg = Debug|Any CPU
		{F341F204-0830-4BD7-AD66-B4B434D3BED4}.Debug|Any CPU.Build.0 = Debug|Any CPU
		{F341F204-0830-4BD7-AD66-B4B434D3BED4}.Release|Any CPU.ActiveCfg = Release|Any CPU
		{F341F204-0830-4BD7-AD66-B4B434D3BED4}.Release|Any CPU.Build.0 = Release|Any CPU
	EndGlobalSection
	GlobalSection(SolutionProperties) = preSolution
		HideSolutionNode = FALSE
	EndGlobalSection
	GlobalSection(ExtensibilityGlobals) = postSolution
		SolutionGuid = {7BC0A3D6-E65A-4A48-B5B3-C1AC75BE3BBF}
	EndGlobalSection
EndGlobal
